
Microsoft Visual Studio Solution File, Format Version 12.00
# Visual Studio 2013
VisualStudioVersion = 12.0.21005.1
MinimumVisualStudioVersion = 10.0.40219.1
Project("{2150E333-8FDC-42A3-9474-1A3956D46DE8}") = "UnitTests", "UnitTests", "{F184BE64-7185-4E24-A1A3-AAF6CB6A1B85}"
EndProject
Project("{FAE04EC0-301F-11D3-BF4B-00C04F79EFBC}") = "UnitTest", "UnitTest\UnitTest.csproj", "{13B3BE9D-CAE7-4FAF-814A-08921F015734}"
EndProject
Project("{FAE04EC0-301F-11D3-BF4B-00C04F79EFBC}") = "WordCounter.Core", "WordCounter.Core\WordCounter.Core.csproj", "{5A144C22-1938-4077-A312-34ACB3ACE2B8}"
EndProject
Global
	GlobalSection(SolutionConfigurationPlatforms) = preSolution
		Debug|Any CPU = Debug|Any CPU
		Release|Any CPU = Release|Any CPU
	EndGlobalSection
	GlobalSection(ProjectConfigurationPlatforms) = postSolution
		{13B3BE9D-CAE7-4FAF-814A-08921F015734}.Debug|Any CPU.ActiveCfg = Debug|Any CPU
		{13B3BE9D-CAE7-4FAF-814A-08921F015734}.Debug|Any CPU.Build.0 = Debug|Any CPU
		{13B3BE9D-CAE7-4FAF-814A-08921F015734}.Release|Any CPU.ActiveCfg = Release|Any CPU
		{13B3BE9D-CAE7-4FAF-814A-08921F015734}.Release|Any CPU.Build.0 = Release|Any CPU
		{5A144C22-1938-4077-A312-34ACB3ACE2B8}.Debug|Any CPU.ActiveCfg = Debug|Any CPU
		{5A144C22-1938-4077-A312-34ACB3ACE2B8}.Debug|Any CPU.Build.0 = Debug|Any CPU
		{5A144C22-1938-4077-A312-34ACB3ACE2B8}.Release|Any CPU.ActiveCfg = Release|Any CPU
		{5A144C22-1938-4077-A312-34ACB3ACE2B8}.Release|Any CPU.Build.0 = Release|Any CPU
	EndGlobalSection
	GlobalSection(SolutionProperties) = preSolution
		HideSolutionNode = FALSE
	EndGlobalSection
	GlobalSection(NestedProjects) = preSolution
		{13B3BE9D-CAE7-4FAF-814A-08921F015734} = {F184BE64-7185-4E24-A1A3-AAF6CB6A1B85}
	EndGlobalSection
EndGlobal
